
Microsoft Visual Studio Solution File, Format Version 12.00
# Visual Studio Version 17
VisualStudioVersion = 17.0.31825.309
MinimumVisualStudioVersion = 10.0.40219.1
Project("{FAE04EC0-301F-11D3-BF4B-00C04F79EFBC}") = "Hanoi.Android", "Hanoi\Hanoi.Android\Hanoi.Android.csproj", "{B586D3EF-73CD-4BAB-A2F5-B2CCE57FEEAD}"
EndProject
Project("{FAE04EC0-301F-11D3-BF4B-00C04F79EFBC}") = "Hanoi.iOS", "Hanoi\Hanoi.iOS\Hanoi.iOS.csproj", "{30AD313C-8E4E-42D4-B68A-50B626FD0536}"
EndProject
Project("{FAE04EC0-301F-11D3-BF4B-00C04F79EFBC}") = "Hanoi", "Hanoi\Hanoi\Hanoi.csproj", "{63E39922-D5F4-4D90-8D69-8385DBE51940}"
EndProject
Global
	GlobalSection(SolutionConfigurationPlatforms) = preSolution
		Debug|Any CPU = Debug|Any CPU
		Debug|iPhone = Debug|iPhone
		Debug|iPhoneSimulator = Debug|iPhoneSimulator
		Release|Any CPU = Release|Any CPU
		Release|iPhone = Release|iPhone
		Release|iPhoneSimulator = Release|iPhoneSimulator
	EndGlobalSection
	GlobalSection(ProjectConfigurationPlatforms) = postSolution
		{B586D3EF-73CD-4BAB-A2F5-B2CCE57FEEAD}.Debug|Any CPU.ActiveCfg = Debug|Any CPU
		{B586D3EF-73CD-4BAB-A2F5-B2CCE57FEEAD}.Debug|Any CPU.Build.0 = Debug|Any CPU
		{B586D3EF-73CD-4BAB-A2F5-B2CCE57FEEAD}.Debug|Any CPU.Deploy.0 = Debug|Any CPU
		{B586D3EF-73CD-4BAB-A2F5-B2CCE57FEEAD}.Debug|iPhone.ActiveCfg = Debug|Any CPU
		{B586D3EF-73CD-4BAB-A2F5-B2CCE57FEEAD}.Debug|iPhone.Build.0 = Debug|Any CPU
		{B586D3EF-73CD-4BAB-A2F5-B2CCE57FEEAD}.Debug|iPhone.Deploy.0 = Debug|Any CPU
		{B586D3EF-73CD-4BAB-A2F5-B2CCE57FEEAD}.Debug|iPhoneSimulator.ActiveCfg = Debug|Any CPU
		{B586D3EF-73CD-4BAB-A2F5-B2CCE57FEEAD}.Debug|iPhoneSimulator.Build.0 = Debug|Any CPU
		{B586D3EF-73CD-4BAB-A2F5-B2CCE57FEEAD}.Debug|iPhoneSimulator.Deploy.0 = Debug|Any CPU
		{B586D3EF-73CD-4BAB-A2F5-B2CCE57FEEAD}.Release|Any CPU.ActiveCfg = Release|Any CPU
		{B586D3EF-73CD-4BAB-A2F5-B2CCE57FEEAD}.Release|Any CPU.Build.0 = Release|Any CPU
		{B586D3EF-73CD-4BAB-A2F5-B2CCE57FEEAD}.Release|Any CPU.Deploy.0 = Release|Any CPU
		{B586D3EF-73CD-4BAB-A2F5-B2CCE57FEEAD}.Release|iPhone.ActiveCfg = Release|Any CPU
		{B586D3EF-73CD-4BAB-A2F5-B2CCE57FEEAD}.Release|iPhone.Build.0 = Release|Any CPU
		{B586D3EF-73CD-4BAB-A2F5-B2CCE57FEEAD}.Release|iPhone.Deploy.0 = Release|Any CPU
		{B586D3EF-73CD-4BAB-A2F5-B2CCE57FEEAD}.Release|iPhoneSimulator.ActiveCfg = Release|Any CPU
		{B586D3EF-73CD-4BAB-A2F5-B2CCE57FEEAD}.Release|iPhoneSimulator.Build.0 = Release|Any CPU
		{B586D3EF-73CD-4BAB-A2F5-B2CCE57FEEAD}.Release|iPhoneSimulator.Deploy.0 = Release|Any CPU
		{30AD313C-8E4E-42D4-B68A-50B626FD0536}.Debug|Any CPU.ActiveCfg = Debug|iPhone
		{30AD313C-8E4E-42D4-B68A-50B626FD0536}.Debug|Any CPU.Build.0 = Debug|iPhone
		{30AD313C-8E4E-42D4-B68A-50B626FD0536}.Debug|Any CPU.Deploy.0 = Debug|iPhone
		{30AD313C-8E4E-42D4-B68A-50B626FD0536}.Debug|iPhone.ActiveCfg = Debug|iPhone
		{30AD313C-8E4E-42D4-B68A-50B626FD0536}.Debug|iPhone.Build.0 = Debug|iPhone
		{30AD313C-8E4E-42D4-B68A-50B626FD0536}.Debug|iPhone.Deploy.0 = Debug|iPhone
		{30AD313C-8E4E-42D4-B68A-50B626FD0536}.Debug|iPhoneSimulator.ActiveCfg = Debug|iPhoneSimulator
		{30AD313C-8E4E-42D4-B68A-50B626FD0536}.Debug|iPhoneSimulator.Build.0 = Debug|iPhoneSimulator
		{30AD313C-8E4E-42D4-B68A-50B626FD0536}.Debug|iPhoneSimulator.Deploy.0 = Debug|iPhoneSimulator
		{30AD313C-8E4E-42D4-B68A-50B626FD0536}.Release|Any CPU.ActiveCfg = Release|iPhoneSimulator
		{30AD313C-8E4E-42D4-B68A-50B626FD0536}.Release|Any CPU.Build.0 = Release|iPhoneSimulator
		{30AD313C-8E4E-42D4-B68A-50B626FD0536}.Release|Any CPU.Deploy.0 = Release|iPhoneSimulator
		{30AD313C-8E4E-42D4-B68A-50B626FD0536}.Release|iPhone.ActiveCfg = Release|iPhone
		{30AD313C-8E4E-42D4-B68A-50B626FD0536}.Release|iPhone.Build.0 = Release|iPhone
		{30AD313C-8E4E-42D4-B68A-50B626FD0536}.Release|iPhone.Deploy.0 = Release|iPhone
		{30AD313C-8E4E-42D4-B68A-50B626FD0536}.Release|iPhoneSimulator.ActiveCfg = Release|iPhoneSimulator
		{30AD313C-8E4E-42D4-B68A-50B626FD0536}.Release|iPhoneSimulator.Build.0 = Release|iPhoneSimulator
		{30AD313C-8E4E-42D4-B68A-50B626FD0536}.Release|iPhoneSimulator.Deploy.0 = Release|iPhoneSimulator
		{63E39922-D5F4-4D90-8D69-8385DBE51940}.Debug|Any CPU.ActiveCfg = Debug|Any CPU
		{63E39922-D5F4-4D90-8D69-8385DBE51940}.Debug|Any CPU.Build.0 = Debug|Any CPU
		{63E39922-D5F4-4D90-8D69-8385DBE51940}.Debug|Any CPU.Deploy.0 = Debug|Any CPU
		{63E39922-D5F4-4D90-8D69-8385DBE51940}.Debug|iPhone.ActiveCfg = Debug|Any CPU
		{63E39922-D5F4-4D90-8D69-8385DBE51940}.Debug|iPhone.Build.0 = Debug|Any CPU
		{63E39922-D5F4-4D90-8D69-8385DBE51940}.Debug|iPhone.Deploy.0 = Debug|Any CPU
		{63E39922-D5F4-4D90-8D69-8385DBE51940}.Debug|iPhoneSimulator.ActiveCfg = Debug|Any CPU
		{63E39922-D5F4-4D90-8D69-8385DBE51940}.Debug|iPhoneSimulator.Build.0 = Debug|Any CPU
		{63E39922-D5F4-4D90-8D69-8385DBE51940}.Debug|iPhoneSimulator.Deploy.0 = Debug|Any CPU
		{63E39922-D5F4-4D90-8D69-8385DBE51940}.Release|Any CPU.ActiveCfg = Release|Any CPU
		{63E39922-D5F4-4D90-8D69-8385DBE51940}.Release|Any CPU.Build.0 = Release|Any CPU
		{63E39922-D5F4-4D90-8D69-8385DBE51940}.Release|Any CPU.Deploy.0 = Release|Any CPU
		{63E39922-D5F4-4D90-8D69-8385DBE51940}.Release|iPhone.ActiveCfg = Release|Any CPU
		{63E39922-D5F4-4D90-8D69-8385DBE51940}.Release|iPhone.Build.0 = Release|Any CPU
		{63E39922-D5F4-4D90-8D69-8385DBE51940}.Release|iPhone.Deploy.0 = Release|Any CPU
		{63E39922-D5F4-4D90-8D69-8385DBE51940}.Release|iPhoneSimulator.ActiveCfg = Release|Any CPU
		{63E39922-D5F4-4D90-8D69-8385DBE51940}.Release|iPhoneSimulator.Build.0 = Release|Any CPU
		{63E39922-D5F4-4D90-8D69-8385DBE51940}.Release|iPhoneSimulator.Deploy.0 = Release|Any CPU
	EndGlobalSection
	GlobalSection(SolutionProperties) = preSolution
		HideSolutionNode = FALSE
	EndGlobalSection
	GlobalSection(ExtensibilityGlobals) = postSolution
		SolutionGuid = {77AEC763-0A70-4E67-A266-BF418D117213}
	EndGlobalSection
EndGlobal
